PODS:
  - Alamofire (4.7.3)
  - AlamofireObjectMapper (5.0.0):
    - Alamofire (~> 4.1)
    - ObjectMapper (~> 3.0)
  - CDAlertView (0.6.0)
  - ChameleonFramework (2.1.0):
    - ChameleonFramework/Default (= 2.1.0)
  - ChameleonFramework/Default (2.1.0)
  - CircleMenu (2.0.5)
  - CSPieChart (0.5.4)
  - DownPicker (0.1.34)
  - Eureka (3.0.0)
  - FSCalendar (2.7.9)
  - lottie-ios (1.5.2)
  - ObjectMapper (3.3.0)
  - OXPatternLock (1.0)
  - SimplePDF (2.0.0)
  - SwiftSpinner (1.3.0)

DEPENDENCIES:
  - Alamofire (~> 4.7)
  - AlamofireObjectMapper (from `https://github.com/tristanhimmelman/AlamofireObjectMapper.git`, branch `swift-4`)
  - CDAlertView
  - ChameleonFramework
  - CircleMenu
  - CSPieChart
  - DownPicker
  - Eureka (from `https://github.com/xmartlabs/Eureka.git`, branch `Swift-3.3`)
  - FSCalendar
  - lottie-ios
  - OXPatternLock
  - SimplePDF
  - SwiftSpinner

SPEC REPOS:
  https://github.com/cocoapods/specs.git:
    - Alamofire
    - CDAlertView
    - ChameleonFramework
    - CircleMenu
    - CSPieChart
    - DownPicker
    - FSCalendar
    - lottie-ios
    - ObjectMapper
    - OXPatternLock
    - SimplePDF
    - SwiftSpinner

EXTERNAL SOURCES:
  AlamofireObjectMapper:
    :branch: swift-4
    :git: https://github.com/tristanhimmelman/AlamofireObjectMapper.git
  Eureka:
    :branch: Swift-3.3
    :git: https://github.com/xmartlabs/Eureka.git

CHECKOUT OPTIONS:
  AlamofireObjectMapper:
    :commit: 8899a3df674cfd71edb121765ebcbe0762a92519
    :git: https://github.com/tristanhimmelman/AlamofireObjectMapper.git
  Eureka:
    :commit: 8fcc11477411b1ac96339d3d9d0973956ed05151
    :git: https://github.com/xmartlabs/Eureka.git

SPEC CHECKSUMS:
  Alamofire: c7287b6e5d7da964a70935e5db17046b7fde6568
  AlamofireObjectMapper: e1ff207b71715478ab69f12ca85112f37b139de8
  CDAlertView: e6f365fa0fac7349197e7ea4bd7810c069215cf4
  ChameleonFramework: d21a3cc247abfe5e37609a283a8238b03575cf64
  CircleMenu: 7cef16b4401de5b545e5f06d720cb202ec64800d
  CSPieChart: 7d711154dfbfb32db91188435e8321d4c567f70d
  DownPicker: c00ea63f08ae82116cc93d0eba74e86bf3d4c68e
  Eureka: 5b9418d7bfdc21ca977d69d124a6409f3e9af2c7
  FSCalendar: a04b09f16f811bc92e82f3cf852a15225233b9d5
  lottie-ios: 255a0e95973a5c4424e809d7a5c19f7384c73e84
  ObjectMapper: b612bf8c8e99c4dc0bb6013a51f7c27966ed5da9
  OXPatternLock: 02fec8b67839018dcaa2765011933e5648cb714a
  SimplePDF: 9004c9ad4aa30a9ccec6032f4f12b76bc053ec55
  SwiftSpinner: c249fffed3e74b5f3e6492dcc05d6bc1525a8220

PODFILE CHECKSUM: b7e774a25bbbcb3ec240a674b2df7a3770f03539

COCOAPODS: 1.5.3
